
Microsoft Visual Studio Solution File, Format Version 12.00
# Visual Studio Version 17
VisualStudioVersion = 17.12.35527.113 d17.12
MinimumVisualStudioVersion = 10.0.40219.1
Project("{FAE04EC0-301F-11D3-BF4B-00C04F79EFBC}") = "StarProgram", "StarProgram\StarProgram.csproj", "{BD659B28-9ADA-4552-99C8-A7BCD7E1695D}"
EndProject
Global
	GlobalSection(SolutionConfigurationPlatforms) = preSolution
		Debug|Any CPU = Debug|Any CPU
		Release|Any CPU = Release|Any CPU
	EndGlobalSection
	GlobalSection(ProjectConfigurationPlatforms) = postSolution
		{BD659B28-9ADA-4552-99C8-A7BCD7E1695D}.Debug|Any CPU.ActiveCfg = Debug|Any CPU
		{BD659B28-9ADA-4552-99C8-A7BCD7E1695D}.Debug|Any CPU.Build.0 = Debug|Any CPU
		{BD659B28-9ADA-4552-99C8-A7BCD7E1695D}.Release|Any CPU.ActiveCfg = Release|Any CPU
		{BD659B28-9ADA-4552-99C8-A7BCD7E1695D}.Release|Any CPU.Build.0 = Release|Any CPU
	EndGlobalSection
	GlobalSection(SolutionProperties) = preSolution
		HideSolutionNode = FALSE
	EndGlobalSection
EndGlobal
